
Microsoft Visual Studio Solution File, Format Version 12.00
# Visual Studio Version 16
VisualStudioVersion = 16.0.30320.27
MinimumVisualStudioVersion = 10.0.40219.1
Project("{FAE04EC0-301F-11D3-BF4B-00C04F79EFBC}") = "dotnetapps", "dotnetapps\dotnetapps.csproj", "{42F3AF88-E2DC-4CD8-AC1C-4214AFC1CDE3}"
EndProject
Global
	GlobalSection(SolutionConfigurationPlatforms) = preSolution
		Debug|Any CPU = Debug|Any CPU
		Release|Any CPU = Release|Any CPU
	EndGlobalSection
	GlobalSection(ProjectConfigurationPlatforms) = postSolution
		{42F3AF88-E2DC-4CD8-AC1C-4214AFC1CDE3}.Debug|Any CPU.ActiveCfg = Debug|Any CPU
		{42F3AF88-E2DC-4CD8-AC1C-4214AFC1CDE3}.Debug|Any CPU.Build.0 = Debug|Any CPU
		{42F3AF88-E2DC-4CD8-AC1C-4214AFC1CDE3}.Release|Any CPU.ActiveCfg = Release|Any CPU
		{42F3AF88-E2DC-4CD8-AC1C-4214AFC1CDE3}.Release|Any CPU.Build.0 = Release|Any CPU
	EndGlobalSection
	GlobalSection(SolutionProperties) = preSolution
		HideSolutionNode = FALSE
	EndGlobalSection
	GlobalSection(ExtensibilityGlobals) = postSolution
		SolutionGuid = {11AE9B0E-652F-45D4-84BA-920CDA4A3553}
	EndGlobalSection
EndGlobal
